{
  "name": "ld48",
  "version": "1.0.0",
  "lockfileVersion": 2,
  "requires": true,
  "packages": {
    "": {
      "version": "1.0.0",
      "license": "ISC",
      "dependencies": {
        "postprocessing": "^6.21.4",
        "three": "^0.128.0"
      }
    },
    "node_modules/postprocessing": {
      "version": "6.21.4",
      "resolved": "https://registry.npmjs.org/postprocessing/-/postprocessing-6.21.4.tgz",
      "integrity": "sha512-3/qtKbWBe0zswrXak0eInivnSJJyrJTM97XHuSHwBLr3Xmu+nCE9z3+7wfDQtMw9jzYmZtjIrliMhDmjDkf7DQ==",
      "peerDependencies": {
        "three": ">= 0.102.0 < 0.129.0"
      }
    },
    "node_modules/three": {
      "version": "0.128.0",
      "resolved": "https://registry.npmjs.org/three/-/three-0.128.0.tgz",
      "integrity": "sha512-i0ap/E+OaSfzw7bD1TtYnPo3VEplkl70WX5fZqZnfZsE3k3aSFudqrrC9ldFZfYFkn1zwDmBcdGfiIm/hnbyZA=="
    }
  },
  "dependencies": {
    "postprocessing": {
      "version": "6.21.4",
      "resolved": "https://registry.npmjs.org/postprocessing/-/postprocessing-6.21.4.tgz",
      "integrity": "sha512-3/qtKbWBe0zswrXak0eInivnSJJyrJTM97XHuSHwBLr3Xmu+nCE9z3+7wfDQtMw9jzYmZtjIrliMhDmjDkf7DQ==",
      "requires": {}
    },
    "three": {
      "version": "0.128.0",
      "resolved": "https://registry.npmjs.org/three/-/three-0.128.0.tgz",
      "integrity": "sha512-i0ap/E+OaSfzw7bD1TtYnPo3VEplkl70WX5fZqZnfZsE3k3aSFudqrrC9ldFZfYFkn1zwDmBcdGfiIm/hnbyZA=="
    }
  }
}
